
Microsoft Visual Studio Solution File, Format Version 12.00
# Visual Studio 15
VisualStudioVersion = 15.0.28307.421
MinimumVisualStudioVersion = 10.0.40219.1
Project("{FAE04EC0-301F-11D3-BF4B-00C04F79EFBC}") = "NewsParserSite.API", "NewsParserSite.API\NewsParserSite.API.csproj", "{71C00729-8D30-408E-9041-CC5C72F74E0C}"
EndProject
Project("{FAE04EC0-301F-11D3-BF4B-00C04F79EFBC}") = "NewsParserSite.API.Tests", "NewsParserSite.API.Tests\NewsParserSite.API.Tests.csproj", "{2EC8F4EB-C7E5-4CC6-ADFE-9E759CE1ED0B}"
EndProject
Project("{2150E333-8FDC-42A3-9474-1A3956D46DE8}") = "tests", "tests", "{494A86FE-5CAF-42C8-9FEB-496E27AACBA6}"
EndProject
Project("{FAE04EC0-301F-11D3-BF4B-00C04F79EFBC}") = "NewsParserSite.DATA", "NewsParserSite.DATA\NewsParserSite.DATA.csproj", "{F34FE859-E151-44DA-9DD1-D86BDF763EDF}"
EndProject
Project("{FAE04EC0-301F-11D3-BF4B-00C04F79EFBC}") = "NewsParserSite.ConApp", "NewsParserSite.ConApp\NewsParserSite.ConApp.csproj", "{8A7F558C-3C8E-495A-B831-B69958E08780}"
EndProject
Project("{FAE04EC0-301F-11D3-BF4B-00C04F79EFBC}") = "NewsParserSite.Core", "NewsParserSite.Core\NewsParserSite.Core.csproj", "{9B4582E1-A55D-4C91-B3FD-37DEB1682374}"
EndProject
Project("{FAE04EC0-301F-11D3-BF4B-00C04F79EFBC}") = "NewsParserSite.Core.Test", "NewsParserSite.Core.Test\NewsParserSite.Core.Test.csproj", "{3B6F029C-3542-4C34-ABD4-C6276ACC8267}"
EndProject
Project("{2150E333-8FDC-42A3-9474-1A3956D46DE8}") = "configuration", "configuration", "{F34138B1-803B-4B4C-8DFC-03063983D15D}"
	ProjectSection(SolutionItems) = preProject
		ConnectionString.config = ConnectionString.config
	EndProjectSection
EndProject
Project("{FAE04EC0-301F-11D3-BF4B-00C04F79EFBC}") = "NewsParserSite.WEB", "NewsParserSite.WEB\NewsParserSite.WEB.csproj", "{67EFE05F-5FA0-4EEC-B63C-3819DF36F705}"
EndProject
Project("{FAE04EC0-301F-11D3-BF4B-00C04F79EFBC}") = "NewsParserSite.WEB.Tests", "NewsParserSite.WEB.Tests\NewsParserSite.WEB.Tests.csproj", "{06F29B4A-D1F8-4CD9-A066-E0BAEA442B2A}"
EndProject
Global
	GlobalSection(SolutionConfigurationPlatforms) = preSolution
		Debug|Any CPU = Debug|Any CPU
		Release|Any CPU = Release|Any CPU
	EndGlobalSection
	GlobalSection(ProjectConfigurationPlatforms) = postSolution
		{71C00729-8D30-408E-9041-CC5C72F74E0C}.Debug|Any CPU.ActiveCfg = Debug|Any CPU
		{71C00729-8D30-408E-9041-CC5C72F74E0C}.Debug|Any CPU.Build.0 = Debug|Any CPU
		{71C00729-8D30-408E-9041-CC5C72F74E0C}.Release|Any CPU.ActiveCfg = Release|Any CPU
		{71C00729-8D30-408E-9041-CC5C72F74E0C}.Release|Any CPU.Build.0 = Release|Any CPU
		{2EC8F4EB-C7E5-4CC6-ADFE-9E759CE1ED0B}.Debug|Any CPU.ActiveCfg = Debug|Any CPU
		{2EC8F4EB-C7E5-4CC6-ADFE-9E759CE1ED0B}.Debug|Any CPU.Build.0 = Debug|Any CPU
		{2EC8F4EB-C7E5-4CC6-ADFE-9E759CE1ED0B}.Release|Any CPU.ActiveCfg = Release|Any CPU
		{2EC8F4EB-C7E5-4CC6-ADFE-9E759CE1ED0B}.Release|Any CPU.Build.0 = Release|Any CPU
		{F34FE859-E151-44DA-9DD1-D86BDF763EDF}.Debug|Any CPU.ActiveCfg = Debug|Any CPU
		{F34FE859-E151-44DA-9DD1-D86BDF763EDF}.Debug|Any CPU.Build.0 = Debug|Any CPU
		{F34FE859-E151-44DA-9DD1-D86BDF763EDF}.Release|Any CPU.ActiveCfg = Release|Any CPU
		{F34FE859-E151-44DA-9DD1-D86BDF763EDF}.Release|Any CPU.Build.0 = Release|Any CPU
		{8A7F558C-3C8E-495A-B831-B69958E08780}.Debug|Any CPU.ActiveCfg = Debug|Any CPU
		{8A7F558C-3C8E-495A-B831-B69958E08780}.Debug|Any CPU.Build.0 = Debug|Any CPU
		{8A7F558C-3C8E-495A-B831-B69958E08780}.Release|Any CPU.ActiveCfg = Release|Any CPU
		{8A7F558C-3C8E-495A-B831-B69958E08780}.Release|Any CPU.Build.0 = Release|Any CPU
		{9B4582E1-A55D-4C91-B3FD-37DEB1682374}.Debug|Any CPU.ActiveCfg = Debug|Any CPU
		{9B4582E1-A55D-4C91-B3FD-37DEB1682374}.Debug|Any CPU.Build.0 = Debug|Any CPU
		{9B4582E1-A55D-4C91-B3FD-37DEB1682374}.Release|Any CPU.ActiveCfg = Release|Any CPU
		{9B4582E1-A55D-4C91-B3FD-37DEB1682374}.Release|Any CPU.Build.0 = Release|Any CPU
		{3B6F029C-3542-4C34-ABD4-C6276ACC8267}.Debug|Any CPU.ActiveCfg = Debug|Any CPU
		{3B6F029C-3542-4C34-ABD4-C6276ACC8267}.Debug|Any CPU.Build.0 = Debug|Any CPU
		{3B6F029C-3542-4C34-ABD4-C6276ACC8267}.Release|Any CPU.ActiveCfg = Release|Any CPU
		{3B6F029C-3542-4C34-ABD4-C6276ACC8267}.Release|Any CPU.Build.0 = Release|Any CPU
		{67EFE05F-5FA0-4EEC-B63C-3819DF36F705}.Debug|Any CPU.ActiveCfg = Debug|Any CPU
		{67EFE05F-5FA0-4EEC-B63C-3819DF36F705}.Debug|Any CPU.Build.0 = Debug|Any CPU
		{67EFE05F-5FA0-4EEC-B63C-3819DF36F705}.Release|Any CPU.ActiveCfg = Release|Any CPU
		{67EFE05F-5FA0-4EEC-B63C-3819DF36F705}.Release|Any CPU.Build.0 = Release|Any CPU
		{06F29B4A-D1F8-4CD9-A066-E0BAEA442B2A}.Debug|Any CPU.ActiveCfg = Debug|Any CPU
		{06F29B4A-D1F8-4CD9-A066-E0BAEA442B2A}.Debug|Any CPU.Build.0 = Debug|Any CPU
		{06F29B4A-D1F8-4CD9-A066-E0BAEA442B2A}.Release|Any CPU.ActiveCfg = Release|Any CPU
		{06F29B4A-D1F8-4CD9-A066-E0BAEA442B2A}.Release|Any CPU.Build.0 = Release|Any CPU
	EndGlobalSection
	GlobalSection(SolutionProperties) = preSolution
		HideSolutionNode = FALSE
	EndGlobalSection
	GlobalSection(NestedProjects) = preSolution
		{2EC8F4EB-C7E5-4CC6-ADFE-9E759CE1ED0B} = {494A86FE-5CAF-42C8-9FEB-496E27AACBA6}
		{3B6F029C-3542-4C34-ABD4-C6276ACC8267} = {494A86FE-5CAF-42C8-9FEB-496E27AACBA6}
		{06F29B4A-D1F8-4CD9-A066-E0BAEA442B2A} = {494A86FE-5CAF-42C8-9FEB-496E27AACBA6}
	EndGlobalSection
	GlobalSection(ExtensibilityGlobals) = postSolution
		SolutionGuid = {CBFF6D2D-C0AD-45C5-8713-E9EE21F346EA}
	EndGlobalSection
EndGlobal
